// !$*UTF8*$!
{
    archiveVersion = 1;
    classes = {
    };
    objectVersion = 77;
    objects = {

/* Begin PBXFileReference section */
        A10000000000000000000001 /* R3Dshot.app */ = {
            isa = PBXFileReference;
            explicitFileType = wrapper.application;
            includeInIndex = 0;
            path = R3Dshot.app;
            sourceTree = BUILT_PRODUCTS_DIR;
        };
/* End PBXFileReference section */

/* Begin PBXFileSystemSynchronizedRootGroup section */
        A10000000000000000000002 /* R3Dshot */ = {
            isa = PBXFileSystemSynchronizedRootGroup;
            exceptions = (
            );
            explicitFileTypes = {
            };
            explicitFolders = (
            );
            path = R3Dshot;
            sourceTree = "<group>";
        };
/* End PBXFileSystemSynchronizedRootGroup section */

/* Begin PBXFrameworksBuildPhase section */
        A10000000000000000000003 /* Frameworks */ = {
            isa = PBXFrameworksBuildPhase;
            buildActionMask = 2147483647;
            files = (
            );
            runOnlyForDeploymentPostprocessing = 0;
        };
/* End PBXFrameworksBuildPhase section */

/* Begin PBXGroup section */
        A10000000000000000000004 = {
            isa = PBXGroup;
            children = (
                A10000000000000000000002 /* R3Dshot */,
                A10000000000000000000005 /* Products */,
            );
            sourceTree = "<group>";
        };
        A10000000000000000000005 /* Products */ = {
            isa = PBXGroup;
            children = (
                A10000000000000000000001 /* R3Dshot.app */,
            );
            name = Products;
            sourceTree = "<group>";
        };
/* End PBXGroup section */

/* Begin PBXNativeTarget section */
        A10000000000000000000006 /* R3Dshot */ = {
            isa = PBXNativeTarget;
            buildConfigurationList = A10000000000000000000007 /* Build configuration list for PBXNativeTarget "R3Dshot" */;
            buildPhases = (
                A10000000000000000000008 /* Sources */,
                A10000000000000000000003 /* Frameworks */,
                A10000000000000000000009 /* Resources */,
            );
            buildRules = (
            );
            dependencies = (
            );
            fileSystemSynchronizedGroups = (
                A10000000000000000000002 /* R3Dshot */,
            );
            name = R3Dshot;
            packageProductDependencies = (
            );
            productName = R3Dshot;
            productReference = A10000000000000000000001 /* R3Dshot.app */;
            productType = "com.apple.product-type.application";
        };
/* End PBXNativeTarget section */

/* Begin PBXProject section */
        A10000000000000000000010 /* Project object */ = {
            isa = PBXProject;
            attributes = {
                BuildIndependentTargetsInParallel = 1;
                LastSwiftUpdateCheck = 2660;
                LastUpgradeCheck = 2660;
                TargetAttributes = {
                    A10000000000000000000006 = {
                        CreatedOnToolsVersion = 26.6;
                    };
                };
            };
            buildConfigurationList = A10000000000000000000011 /* Build configuration list for PBXProject "R3Dshot" */;
            compatibilityVersion = "Xcode 16.0";
            developmentRegion = en;
            hasScannedForEncodings = 0;
            knownRegions = (
                en,
                de,
                Base,
            );
            mainGroup = A10000000000000000000004;
            minimizedProjectReferenceProxies = 1;
            preferredProjectObjectVersion = 77;
            productRefGroup = A10000000000000000000005 /* Products */;
            projectDirPath = "";
            projectRoot = "";
            targets = (
                A10000000000000000000006 /* R3Dshot */,
            );
        };
/* End PBXProject section */

/* Begin PBXResourcesBuildPhase section */
        A10000000000000000000009 /* Resources */ = {
            isa = PBXResourcesBuildPhase;
            buildActionMask = 2147483647;
            files = (
            );
            runOnlyForDeploymentPostprocessing = 0;
        };
/* End PBXResourcesBuildPhase section */

/* Begin PBXSourcesBuildPhase section */
        A10000000000000000000008 /* Sources */ = {
            isa = PBXSourcesBuildPhase;
            buildActionMask = 2147483647;
            files = (
            );
            runOnlyForDeploymentPostprocessing = 0;
        };
/* End PBXSourcesBuildPhase section */

/* Begin XCBuildConfiguration section */
        A10000000000000000000012 /* Debug */ = {
            isa = XCBuildConfiguration;
            buildSettings = {
                ALWAYS_SEARCH_USER_PATHS = NO;
                CLANG_ENABLE_MODULES = YES;
                CLANG_ENABLE_OBJC_ARC = YES;
                CLANG_WARN_DOCUMENTATION_COMMENTS = YES;
                CLANG_WARN_QUOTED_INCLUDE_IN_FRAMEWORK_HEADER = YES;
                CLANG_WARN_UNGUARDED_AVAILABILITY = YES_AGGRESSIVE;
                COPY_PHASE_STRIP = NO;
                DEBUG_INFORMATION_FORMAT = dwarf;
                ENABLE_STRICT_OBJC_MSGSEND = YES;
                GCC_C_LANGUAGE_STANDARD = gnu17;
                GCC_NO_COMMON_BLOCKS = YES;
                MACOSX_DEPLOYMENT_TARGET = 15.2;
                SDKROOT = macosx;
                SWIFT_VERSION = 5.0;
            };
            name = Debug;
        };
        A10000000000000000000013 /* Release */ = {
            isa = XCBuildConfiguration;
            buildSettings = {
                ALWAYS_SEARCH_USER_PATHS = NO;
                CLANG_ENABLE_MODULES = YES;
                CLANG_ENABLE_OBJC_ARC = YES;
                CLANG_WARN_DOCUMENTATION_COMMENTS = YES;
                CLANG_WARN_QUOTED_INCLUDE_IN_FRAMEWORK_HEADER = YES;
                CLANG_WARN_UNGUARDED_AVAILABILITY = YES_AGGRESSIVE;
                COPY_PHASE_STRIP = YES;
                DEBUG_INFORMATION_FORMAT = "dwarf-with-dsym";
                ENABLE_STRICT_OBJC_MSGSEND = YES;
                GCC_C_LANGUAGE_STANDARD = gnu17;
                GCC_NO_COMMON_BLOCKS = YES;
                MACOSX_DEPLOYMENT_TARGET = 15.2;
                SDKROOT = macosx;
                SWIFT_COMPILATION_MODE = wholemodule;
                SWIFT_OPTIMIZATION_LEVEL = "-O";
                SWIFT_VERSION = 5.0;
            };
            name = Release;
        };
        A10000000000000000000014 /* Debug */ = {
            isa = XCBuildConfiguration;
            buildSettings = {
                ARCHS = arm64;
                ASSETCATALOG_COMPILER_APPICON_NAME = AppIcon;
                CODE_SIGN_ENTITLEMENTS = R3Dshot/R3Dshot.entitlements;
                CODE_SIGN_IDENTITY = "-";
                CODE_SIGN_STYLE = Manual;
                CODE_SIGNING_REQUIRED = NO;
                CURRENT_PROJECT_VERSION = 1;
                DEVELOPMENT_LANGUAGE = de;
                ENABLE_HARDENED_RUNTIME = NO;
                GENERATE_INFOPLIST_FILE = NO;
                INFOPLIST_FILE = Configuration/Info.plist;
                LD_RUNPATH_SEARCH_PATHS = "$(inherited) @executable_path/../Frameworks";
                MACOSX_DEPLOYMENT_TARGET = 15.2;
                MARKETING_VERSION = 0.1.0;
                PRODUCT_BUNDLE_IDENTIFIER = org.r3d.R3Dshot;
                PRODUCT_NAME = R3Dshot;
                SDKROOT = macosx;
                SUPPORTED_PLATFORMS = macosx;
                SWIFT_EMIT_LOC_STRINGS = YES;
                SWIFT_STRICT_CONCURRENCY = complete;
                TARGETED_DEVICE_FAMILY = "1,2";
            };
            name = Debug;
        };
        A10000000000000000000015 /* Release */ = {
            isa = XCBuildConfiguration;
            buildSettings = {
                ARCHS = arm64;
                ASSETCATALOG_COMPILER_APPICON_NAME = AppIcon;
                CODE_SIGN_ENTITLEMENTS = R3Dshot/R3Dshot.entitlements;
                CODE_SIGN_IDENTITY = "-";
                CODE_SIGN_STYLE = Manual;
                CODE_SIGNING_REQUIRED = NO;
                CURRENT_PROJECT_VERSION = 1;
                DEVELOPMENT_LANGUAGE = de;
                ENABLE_HARDENED_RUNTIME = YES;
                GENERATE_INFOPLIST_FILE = NO;
                INFOPLIST_FILE = Configuration/Info.plist;
                LD_RUNPATH_SEARCH_PATHS = "$(inherited) @executable_path/../Frameworks";
                MACOSX_DEPLOYMENT_TARGET = 15.2;
                MARKETING_VERSION = 0.1.0;
                PRODUCT_BUNDLE_IDENTIFIER = org.r3d.R3Dshot;
                PRODUCT_NAME = R3Dshot;
                SDKROOT = macosx;
                SUPPORTED_PLATFORMS = macosx;
                SWIFT_COMPILATION_MODE = wholemodule;
                SWIFT_EMIT_LOC_STRINGS = YES;
                SWIFT_OPTIMIZATION_LEVEL = "-O";
                SWIFT_STRICT_CONCURRENCY = complete;
                TARGETED_DEVICE_FAMILY = "1,2";
            };
            name = Release;
        };
/* End XCBuildConfiguration section */

/* Begin XCConfigurationList section */
        A10000000000000000000011 /* Build configuration list for PBXProject "R3Dshot" */ = {
            isa = XCConfigurationList;
            buildConfigurations = (
                A10000000000000000000012 /* Debug */,
                A10000000000000000000013 /* Release */,
            );
            defaultConfigurationIsVisible = 0;
            defaultConfigurationName = Release;
        };
        A10000000000000000000007 /* Build configuration list for PBXNativeTarget "R3Dshot" */ = {
            isa = XCConfigurationList;
            buildConfigurations = (
                A10000000000000000000014 /* Debug */,
                A10000000000000000000015 /* Release */,
            );
            defaultConfigurationIsVisible = 0;
            defaultConfigurationName = Release;
        };
/* End XCConfigurationList section */
    };
    rootObject = A10000000000000000000010 /* Project object */;
}
